
Microsoft Visual Studio Solution File, Format Version 12.00
# Visual Studio Version 16
VisualStudioVersion = 16.0.30011.22
MinimumVisualStudioVersion = 10.0.40219.1
Project("{9A19103F-16F7-4668-BE54-9A1E7A4F7556}") = "BlazorServerDemoApp", "BlazorServerDemoApp\BlazorServerDemoApp.csproj", "{C21DA6D2-1C15-4498-9E54-91C5D754C46B}"
EndProject
Project("{FAE04EC0-301F-11D3-BF4B-00C04F79EFBC}") = "UnitTestBlazor", "UnitTestBlazor\UnitTestBlazor.csproj", "{3C69DEBF-8388-4673-BDE2-7704B200C12B}"
EndProject
Project("{2150E333-8FDC-42A3-9474-1A3956D46DE8}") = "Tests", "Tests", "{0C420A03-5E61-4DBA-978B-0316AE033CA2}"
EndProject
Global
	GlobalSection(SolutionConfigurationPlatforms) = preSolution
		Debug|Any CPU = Debug|Any CPU
		Release|Any CPU = Release|Any CPU
	EndGlobalSection
	GlobalSection(ProjectConfigurationPlatforms) = postSolution
		{C21DA6D2-1C15-4498-9E54-91C5D754C46B}.Debug|Any CPU.ActiveCfg = Debug|Any CPU
		{C21DA6D2-1C15-4498-9E54-91C5D754C46B}.Debug|Any CPU.Build.0 = Debug|Any CPU
		{C21DA6D2-1C15-4498-9E54-91C5D754C46B}.Release|Any CPU.ActiveCfg = Release|Any CPU
		{C21DA6D2-1C15-4498-9E54-91C5D754C46B}.Release|Any CPU.Build.0 = Release|Any CPU
		{3C69DEBF-8388-4673-BDE2-7704B200C12B}.Debug|Any CPU.ActiveCfg = Debug|Any CPU
		{3C69DEBF-8388-4673-BDE2-7704B200C12B}.Debug|Any CPU.Build.0 = Debug|Any CPU
		{3C69DEBF-8388-4673-BDE2-7704B200C12B}.Release|Any CPU.ActiveCfg = Release|Any CPU
		{3C69DEBF-8388-4673-BDE2-7704B200C12B}.Release|Any CPU.Build.0 = Release|Any CPU
	EndGlobalSection
	GlobalSection(SolutionProperties) = preSolution
		HideSolutionNode = FALSE
	EndGlobalSection
	GlobalSection(NestedProjects) = preSolution
		{3C69DEBF-8388-4673-BDE2-7704B200C12B} = {0C420A03-5E61-4DBA-978B-0316AE033CA2}
	EndGlobalSection
	GlobalSection(ExtensibilityGlobals) = postSolution
		SolutionGuid = {616946CB-4185-4B36-981D-03552654B6A5}
	EndGlobalSection
EndGlobal
